
Microsoft Visual Studio Solution File, Format Version 12.00
# Visual Studio Version 16
VisualStudioVersion = 16.0.30523.141
MinimumVisualStudioVersion = 10.0.40219.1
Project("{159641D6-6404-4A2A-AE62-294DE0FE8301}") = "ArapGroceryStagingETL", "ArapGroceryProject\ArapGroceryStagingETL.dtproj", "{8C023AD4-3B54-4D2B-ACF9-32061AE6E972}"
EndProject
Project("{159641D6-6404-4A2A-AE62-294DE0FE8301}") = "ArapGroceryEDWETL", "ArapGroceryStagingETL\ArapGroceryEDWETL.dtproj", "{FE4C7DE8-8CFD-4D9D-84C0-AB876A842D1D}"
EndProject
Project("{D2ABAB84-BF74-430A-B69E-9DC6D40DDA17}") = "ArapSalesAnalysis", "ArapSalesAnalysis\ArapSalesAnalysis.dwproj", "{B9B5E6CD-E4FC-4513-B616-95B079F1331C}"
EndProject
Project("{D2ABAB84-BF74-430A-B69E-9DC6D40DDA17}") = "ArapHRAnalysis", "ArapHRAnalysis\ArapHRAnalysis.dwproj", "{60EA5E06-693F-47D9-A99F-2EB571FD44D2}"
EndProject
Project("{6870E480-7721-4708-BFB8-9AE898AA21B3}") = "ArapSalesAnalysisTabular", "ArapSalesAnalysisTabular\ArapSalesAnalysisTabular.smproj", "{8CE414BB-95B2-4C99-9E03-51BA72086E22}"
EndProject
Project("{F14B399A-7131-4C87-9E4B-1186C45EF12D}") = "ArapSalesReporting", "ArapSalesReporting\ArapSalesReporting.rptproj", "{EDCE3BDE-0E39-49F7-B22B-16ADF957DC6D}"
EndProject
Global
	GlobalSection(SolutionConfigurationPlatforms) = preSolution
		Debug|x86 = Debug|x86
		DebugLocal|x86 = DebugLocal|x86
		Development|x86 = Development|x86
		Release|x86 = Release|x86
	EndGlobalSection
	GlobalSection(ProjectConfigurationPlatforms) = postSolution
		{8C023AD4-3B54-4D2B-ACF9-32061AE6E972}.Debug|x86.ActiveCfg = Development
		{8C023AD4-3B54-4D2B-ACF9-32061AE6E972}.Debug|x86.Build.0 = Development
		{8C023AD4-3B54-4D2B-ACF9-32061AE6E972}.DebugLocal|x86.ActiveCfg = Development
		{8C023AD4-3B54-4D2B-ACF9-32061AE6E972}.DebugLocal|x86.Build.0 = Development
		{8C023AD4-3B54-4D2B-ACF9-32061AE6E972}.Development|x86.ActiveCfg = Development
		{8C023AD4-3B54-4D2B-ACF9-32061AE6E972}.Development|x86.Build.0 = Development
		{8C023AD4-3B54-4D2B-ACF9-32061AE6E972}.Release|x86.ActiveCfg = Development
		{8C023AD4-3B54-4D2B-ACF9-32061AE6E972}.Release|x86.Build.0 = Development
		{FE4C7DE8-8CFD-4D9D-84C0-AB876A842D1D}.Debug|x86.ActiveCfg = Development
		{FE4C7DE8-8CFD-4D9D-84C0-AB876A842D1D}.Debug|x86.Build.0 = Development
		{FE4C7DE8-8CFD-4D9D-84C0-AB876A842D1D}.DebugLocal|x86.ActiveCfg = Development
		{FE4C7DE8-8CFD-4D9D-84C0-AB876A842D1D}.DebugLocal|x86.Build.0 = Development
		{FE4C7DE8-8CFD-4D9D-84C0-AB876A842D1D}.Development|x86.ActiveCfg = Development
		{FE4C7DE8-8CFD-4D9D-84C0-AB876A842D1D}.Development|x86.Build.0 = Development
		{FE4C7DE8-8CFD-4D9D-84C0-AB876A842D1D}.Release|x86.ActiveCfg = Development
		{FE4C7DE8-8CFD-4D9D-84C0-AB876A842D1D}.Release|x86.Build.0 = Development
		{B9B5E6CD-E4FC-4513-B616-95B079F1331C}.Debug|x86.ActiveCfg = Development
		{B9B5E6CD-E4FC-4513-B616-95B079F1331C}.Debug|x86.Build.0 = Development
		{B9B5E6CD-E4FC-4513-B616-95B079F1331C}.Debug|x86.Deploy.0 = Development
		{B9B5E6CD-E4FC-4513-B616-95B079F1331C}.DebugLocal|x86.ActiveCfg = Development
		{B9B5E6CD-E4FC-4513-B616-95B079F1331C}.DebugLocal|x86.Build.0 = Development
		{B9B5E6CD-E4FC-4513-B616-95B079F1331C}.DebugLocal|x86.Deploy.0 = Development
		{B9B5E6CD-E4FC-4513-B616-95B079F1331C}.Development|x86.ActiveCfg = Development
		{B9B5E6CD-E4FC-4513-B616-95B079F1331C}.Development|x86.Build.0 = Development
		{B9B5E6CD-E4FC-4513-B616-95B079F1331C}.Development|x86.Deploy.0 = Development
		{B9B5E6CD-E4FC-4513-B616-95B079F1331C}.Release|x86.ActiveCfg = Development
		{B9B5E6CD-E4FC-4513-B616-95B079F1331C}.Release|x86.Build.0 = Development
		{B9B5E6CD-E4FC-4513-B616-95B079F1331C}.Release|x86.Deploy.0 = Development
		{60EA5E06-693F-47D9-A99F-2EB571FD44D2}.Debug|x86.ActiveCfg = Development
		{60EA5E06-693F-47D9-A99F-2EB571FD44D2}.Debug|x86.Build.0 = Development
		{60EA5E06-693F-47D9-A99F-2EB571FD44D2}.Debug|x86.Deploy.0 = Development
		{60EA5E06-693F-47D9-A99F-2EB571FD44D2}.DebugLocal|x86.ActiveCfg = Development
		{60EA5E06-693F-47D9-A99F-2EB571FD44D2}.DebugLocal|x86.Build.0 = Development
		{60EA5E06-693F-47D9-A99F-2EB571FD44D2}.DebugLocal|x86.Deploy.0 = Development
		{60EA5E06-693F-47D9-A99F-2EB571FD44D2}.Development|x86.ActiveCfg = Development
		{60EA5E06-693F-47D9-A99F-2EB571FD44D2}.Development|x86.Build.0 = Development
		{60EA5E06-693F-47D9-A99F-2EB571FD44D2}.Development|x86.Deploy.0 = Development
		{60EA5E06-693F-47D9-A99F-2EB571FD44D2}.Release|x86.ActiveCfg = Development
		{60EA5E06-693F-47D9-A99F-2EB571FD44D2}.Release|x86.Build.0 = Development
		{60EA5E06-693F-47D9-A99F-2EB571FD44D2}.Release|x86.Deploy.0 = Development
		{8CE414BB-95B2-4C99-9E03-51BA72086E22}.Debug|x86.ActiveCfg = Development|x86
		{8CE414BB-95B2-4C99-9E03-51BA72086E22}.Debug|x86.Build.0 = Development|x86
		{8CE414BB-95B2-4C99-9E03-51BA72086E22}.Debug|x86.Deploy.0 = Development|x86
		{8CE414BB-95B2-4C99-9E03-51BA72086E22}.DebugLocal|x86.ActiveCfg = Development|x86
		{8CE414BB-95B2-4C99-9E03-51BA72086E22}.DebugLocal|x86.Build.0 = Development|x86
		{8CE414BB-95B2-4C99-9E03-51BA72086E22}.DebugLocal|x86.Deploy.0 = Development|x86
		{8CE414BB-95B2-4C99-9E03-51BA72086E22}.Development|x86.ActiveCfg = Development|x86
		{8CE414BB-95B2-4C99-9E03-51BA72086E22}.Development|x86.Build.0 = Development|x86
		{8CE414BB-95B2-4C99-9E03-51BA72086E22}.Development|x86.Deploy.0 = Development|x86
		{8CE414BB-95B2-4C99-9E03-51BA72086E22}.Release|x86.ActiveCfg = Development|x86
		{8CE414BB-95B2-4C99-9E03-51BA72086E22}.Release|x86.Build.0 = Development|x86
		{8CE414BB-95B2-4C99-9E03-51BA72086E22}.Release|x86.Deploy.0 = Development|x86
		{EDCE3BDE-0E39-49F7-B22B-16ADF957DC6D}.Debug|x86.ActiveCfg = Debug
		{EDCE3BDE-0E39-49F7-B22B-16ADF957DC6D}.Debug|x86.Build.0 = Debug
		{EDCE3BDE-0E39-49F7-B22B-16ADF957DC6D}.Debug|x86.Deploy.0 = Debug
		{EDCE3BDE-0E39-49F7-B22B-16ADF957DC6D}.DebugLocal|x86.ActiveCfg = DebugLocal
		{EDCE3BDE-0E39-49F7-B22B-16ADF957DC6D}.DebugLocal|x86.Build.0 = DebugLocal
		{EDCE3BDE-0E39-49F7-B22B-16ADF957DC6D}.Development|x86.ActiveCfg = Debug
		{EDCE3BDE-0E39-49F7-B22B-16ADF957DC6D}.Development|x86.Build.0 = Debug
		{EDCE3BDE-0E39-49F7-B22B-16ADF957DC6D}.Development|x86.Deploy.0 = Debug
		{EDCE3BDE-0E39-49F7-B22B-16ADF957DC6D}.Release|x86.ActiveCfg = Release
		{EDCE3BDE-0E39-49F7-B22B-16ADF957DC6D}.Release|x86.Build.0 = Release
		{EDCE3BDE-0E39-49F7-B22B-16ADF957DC6D}.Release|x86.Deploy.0 = Release
	EndGlobalSection
	GlobalSection(SolutionProperties) = preSolution
		HideSolutionNode = FALSE
	EndGlobalSection
	GlobalSection(ExtensibilityGlobals) = postSolution
		SolutionGuid = {777D8FF7-F02B-4D8F-B382-EA9F1DD5B661}
	EndGlobalSection
EndGlobal
